
Microsoft Visual Studio Solution File, Format Version 12.00
# Visual Studio Version 17
VisualStudioVersion = 17.4.33110.190
MinimumVisualStudioVersion = 10.0.40219.1
Project("{FAE04EC0-301F-11D3-BF4B-00C04F79EFBC}") = "LeboncoinMonitor", "LeboncoinMonitor.csproj", "{C99C7B4C-0EE0-434E-945B-5464F8645DFC}"
EndProject
Global
	GlobalSection(SolutionConfigurationPlatforms) = preSolution
		Debug|Any CPU = Debug|Any CPU
		Release|Any CPU = Release|Any CPU
	EndGlobalSection
	GlobalSection(ProjectConfigurationPlatforms) = postSolution
		{C99C7B4C-0EE0-434E-945B-5464F8645DFC}.Debug|Any CPU.ActiveCfg = Debug|Any CPU
		{C99C7B4C-0EE0-434E-945B-5464F8645DFC}.Debug|Any CPU.Build.0 = Debug|Any CPU
		{C99C7B4C-0EE0-434E-945B-5464F8645DFC}.Release|Any CPU.ActiveCfg = Release|Any CPU
		{C99C7B4C-0EE0-434E-945B-5464F8645DFC}.Release|Any CPU.Build.0 = Release|Any CPU
	EndGlobalSection
	GlobalSection(SolutionProperties) = preSolution
		HideSolutionNode = FALSE
	EndGlobalSection
	GlobalSection(ExtensibilityGlobals) = postSolution
		SolutionGuid = {A83AFA16-ED0B-4287-B4B2-9943D6CEE379}
	EndGlobalSection
EndGlobal
